// !$*UTF8*$!
{
	archiveVersion = 1;
	classes = {
	};
	objectVersion = 45;
	objects = {

/* Begin PBXBuildFile section */
		1D3623260D0F684500981E51 /* MailmanAppDelegate.m in Sources */ = {isa = PBXBuildFile; fileRef = 1D3623250D0F684500981E51 /* MailmanAppDelegate.m */; };
		1D60589B0D05DD56006BFB54 /* main.m in Sources */ = {isa = PBXBuildFile; fileRef = 29B97316FDCFA39411CA2CEA /* main.m */; };
		1D60589F0D05DD5A006BFB54 /* Foundation.framework in Frameworks */ = {isa = PBXBuildFile; fileRef = 1D30AB110D05D00D00671497 /* Foundation.framework */; };
		1DF5F4E00D08C38300B7A737 /* UIKit.framework in Frameworks */ = {isa = PBXBuildFile; fileRef = 1DF5F4DF0D08C38300B7A737 /* UIKit.framework */; };
		2892E4100DC94CBA00A64D0F /* CoreGraphics.framework in Frameworks */ = {isa = PBXBuildFile; fileRef = 2892E40F0DC94CBA00A64D0F /* CoreGraphics.framework */; };
		28AD73600D9D9599002E5188 /* MainWindow.xib in Resources */ = {isa = PBXBuildFile; fileRef = 28AD735F0D9D9599002E5188 /* MainWindow.xib */; };
		28C286E10D94DF7D0034E888 /* RootViewController.m in Sources */ = {isa = PBXBuildFile; fileRef = 28C286E00D94DF7D0034E888 /* RootViewController.m */; };
		28F335F11007B36200424DE2 /* RootViewController.xib in Resources */ = {isa = PBXBuildFile; fileRef = 28F335F01007B36200424DE2 /* RootViewController.xib */; };
		2C03BFCE125131EB0020DE99 /* libxml2.dylib in Frameworks */ = {isa = PBXBuildFile; fileRef = 2C03BFCD125131EB0020DE99 /* libxml2.dylib */; };
		2C03BFF1125136830020DE99 /* mailman-moderator.html in Resources */ = {isa = PBXBuildFile; fileRef = 2C03BFF0125136830020DE99 /* mailman-moderator.html */; };
		2C03C06912513E590020DE99 /* kik-elamys-2.html in Resources */ = {isa = PBXBuildFile; fileRef = 2C03C06812513E590020DE99 /* kik-elamys-2.html */; };
		2C3B438E10EEA5FA00F20CC2 /* MaillistSettingsView.m in Sources */ = {isa = PBXBuildFile; fileRef = 2C3B438C10EEA5FA00F20CC2 /* MaillistSettingsView.m */; };
		2C3B438F10EEA5FA00F20CC2 /* MaillistSettingsView.xib in Resources */ = {isa = PBXBuildFile; fileRef = 2C3B438D10EEA5FA00F20CC2 /* MaillistSettingsView.xib */; };
		2C3B449F10EFDABE00F20CC2 /* MaillistSettings.m in Sources */ = {isa = PBXBuildFile; fileRef = 2C3B449E10EFDABE00F20CC2 /* MaillistSettings.m */; };
		2C3B461910F00F6A00F20CC2 /* MailmanWebsite.m in Sources */ = {isa = PBXBuildFile; fileRef = 2C3B461810F00F6A00F20CC2 /* MailmanWebsite.m */; };
		2C3B46A510F031DB00F20CC2 /* RegexKitLite.m in Sources */ = {isa = PBXBuildFile; fileRef = 2C3B46A410F031DB00F20CC2 /* RegexKitLite.m */; };
		2C3B46AF10F0325000F20CC2 /* libicucore.dylib in Frameworks */ = {isa = PBXBuildFile; fileRef = 2C3B46AE10F0325000F20CC2 /* libicucore.dylib */; };
		2C3B471710F0411200F20CC2 /* XPathQuery.m in Sources */ = {isa = PBXBuildFile; fileRef = 2C3B471110F0411200F20CC2 /* XPathQuery.m */; };
		2C3B471810F0411200F20CC2 /* TFHpple.m in Sources */ = {isa = PBXBuildFile; fileRef = 2C3B471410F0411200F20CC2 /* TFHpple.m */; };
		2C3B471910F0411200F20CC2 /* TFHppleElement.m in Sources */ = {isa = PBXBuildFile; fileRef = 2C3B471610F0411200F20CC2 /* TFHppleElement.m */; };
		2C3B477A10F04CC900F20CC2 /* MailmanMessage.m in Sources */ = {isa = PBXBuildFile; fileRef = 2C3B477910F04CC900F20CC2 /* MailmanMessage.m */; };
		2C3B490010F1249300F20CC2 /* MailmanModerateTable.m in Sources */ = {isa = PBXBuildFile; fileRef = 2C3B48FE10F1249300F20CC2 /* MailmanModerateTable.m */; };
		2C3B490110F1249300F20CC2 /* MailmanModerateTable.xib in Resources */ = {isa = PBXBuildFile; fileRef = 2C3B48FF10F1249300F20CC2 /* MailmanModerateTable.xib */; };
		2C3B4A2E10F1556D00F20CC2 /* check2.jpg in Resources */ = {isa = PBXBuildFile; fileRef = 2C3B4A2D10F1556D00F20CC2 /* check2.jpg */; };
		2C3B4A3010F1557400F20CC2 /* check1.jpg in Resources */ = {isa = PBXBuildFile; fileRef = 2C3B4A2F10F1557400F20CC2 /* check1.jpg */; };
		2CB2995910F79414006192AB /* mark-green.png in Resources */ = {isa = PBXBuildFile; fileRef = 2CB2995710F79414006192AB /* mark-green.png */; };
		2CB2995A10F79414006192AB /* mark-red.png in Resources */ = {isa = PBXBuildFile; fileRef = 2CB2995810F79414006192AB /* mark-red.png */; };
		2CB43FE6125210B10048A9DD /* kik-elamys.html in Resources */ = {isa = PBXBuildFile; fileRef = 2CB43FE5125210B10048A9DD /* kik-elamys.html */; };
		2CE1B94E10F35DD400F269CA /* mark-off.png in Resources */ = {isa = PBXBuildFile; fileRef = 2CE1B94C10F35DD400F269CA /* mark-off.png */; };
		2CE1B94F10F35DD400F269CA /* mark-on.png in Resources */ = {isa = PBXBuildFile; fileRef = 2CE1B94D10F35DD400F269CA /* mark-on.png */; };
		2CE7F3B710FBB6BA00B9335E /* MailmanModeratorLogo.png in Resources */ = {isa = PBXBuildFile; fileRef = 2CE7F3B610FBB6BA00B9335E /* MailmanModeratorLogo.png */; };
		2CE7F3D710FBBDBE00B9335E /* MessageCell.xib in Resources */ = {isa = PBXBuildFile; fileRef = 2CE7F3D610FBBDBE00B9335E /* MessageCell.xib */; };
/* End PBXBuildFile section */

/* Begin PBXFileReference section */
		1D30AB110D05D00D00671497 /* Foundation.framework */ = {isa = PBXFileReference; lastKnownFileType = wrapper.framework; name = Foundation.framework; path = System/Library/Frameworks/Foundation.framework; sourceTree = SDKROOT; };
		1D3623240D0F684500981E51 /* MailmanAppDelegate.h */ = {isa = PBXFileReference; fileEncoding = 4; lastKnownFileType = sourcecode.c.h; path = MailmanAppDelegate.h; sourceTree = "<group>"; };
		1D3623250D0F684500981E51 /* MailmanAppDelegate.m */ = {isa = PBXFileReference; fileEncoding = 4; lastKnownFileType = sourcecode.c.objc; path = MailmanAppDelegate.m; sourceTree = "<group>"; };
		1D6058910D05DD3D006BFB54 /* Mailman.app */ = {isa = PBXFileReference; explicitFileType = wrapper.application; includeInIndex = 0; path = Mailman.app; sourceTree = BUILT_PRODUCTS_DIR; };
		1DF5F4DF0D08C38300B7A737 /* UIKit.framework */ = {isa = PBXFileReference; lastKnownFileType = wrapper.framework; name = UIKit.framework; path = System/Library/Frameworks/UIKit.framework; sourceTree = SDKROOT; };
		2892E40F0DC94CBA00A64D0F /* CoreGraphics.framework */ = {isa = PBXFileReference; lastKnownFileType = wrapper.framework; name = CoreGraphics.framework; path = System/Library/Frameworks/CoreGraphics.framework; sourceTree = SDKROOT; };
		28A0AAE50D9B0CCF005BE974 /* Mailman_Prefix.pch */ = {isa = PBXFileReference; fileEncoding = 4; lastKnownFileType = sourcecode.c.h; path = Mailman_Prefix.pch; sourceTree = "<group>"; };
		28AD735F0D9D9599002E5188 /* MainWindow.xib */ = {isa = PBXFileReference; lastKnownFileType = file.xib; path = MainWindow.xib; sourceTree = "<group>"; };
		28C286DF0D94DF7D0034E888 /* RootViewController.h */ = {isa = PBXFileReference; fileEncoding = 4; lastKnownFileType = sourcecode.c.h; path = RootViewController.h; sourceTree = "<group>"; };
		28C286E00D94DF7D0034E888 /* RootViewController.m */ = {isa = PBXFileReference; fileEncoding = 4; lastKnownFileType = sourcecode.c.objc; path = RootViewController.m; sourceTree = "<group>"; };
		28F335F01007B36200424DE2 /* RootViewController.xib */ = {isa = PBXFileReference; lastKnownFileType = file.xib; path = RootViewController.xib; sourceTree = "<group>"; };
		29B97316FDCFA39411CA2CEA /* main.m */ = {isa = PBXFileReference; fileEncoding = 4; lastKnownFileType = sourcecode.c.objc; path = main.m; sourceTree = "<group>"; };
		2C03BFCD125131EB0020DE99 /* libxml2.dylib */ = {isa = PBXFileReference; lastKnownFileType = "compiled.mach-o.dylib"; name = libxml2.dylib; path = usr/lib/libxml2.dylib; sourceTree = SDKROOT; };
		2C03BFF0125136830020DE99 /* mailman-moderator.html */ = {isa = PBXFileReference; fileEncoding = 4; lastKnownFileType = text.html; path = "mailman-moderator.html"; sourceTree = "<group>"; };
		2C03C06812513E590020DE99 /* kik-elamys-2.html */ = {isa = PBXFileReference; fileEncoding = 4; lastKnownFileType = text.html; path = "kik-elamys-2.html"; sourceTree = "<group>"; };
		2C3B438B10EEA5FA00F20CC2 /* MaillistSettingsView.h */ = {isa = PBXFileReference; fileEncoding = 4; lastKnownFileType = sourcecode.c.h; path = MaillistSettingsView.h; sourceTree = "<group>"; };
		2C3B438C10EEA5FA00F20CC2 /* MaillistSettingsView.m */ = {isa = PBXFileReference; fileEncoding = 4; lastKnownFileType = sourcecode.c.objc; path = MaillistSettingsView.m; sourceTree = "<group>"; };
		2C3B438D10EEA5FA00F20CC2 /* MaillistSettingsView.xib */ = {isa = PBXFileReference; lastKnownFileType = file.xib; name = MaillistSettingsView.xib; path = Classes/MaillistSettingsView.xib; sourceTree = "<group>"; };
		2C3B449D10EFDABE00F20CC2 /* MaillistSettings.h */ = {isa = PBXFileReference; fileEncoding = 4; lastKnownFileType = sourcecode.c.h; path = MaillistSettings.h; sourceTree = "<group>"; };
		2C3B449E10EFDABE00F20CC2 /* MaillistSettings.m */ = {isa = PBXFileReference; fileEncoding = 4; lastKnownFileType = sourcecode.c.objc; path = MaillistSettings.m; sourceTree = "<group>"; };
		2C3B461710F00F6A00F20CC2 /* MailmanWebsite.h */ = {isa = PBXFileReference; fileEncoding = 4; lastKnownFileType = sourcecode.c.h; path = MailmanWebsite.h; sourceTree = "<group>"; };
		2C3B461810F00F6A00F20CC2 /* MailmanWebsite.m */ = {isa = PBXFileReference; fileEncoding = 4; lastKnownFileType = sourcecode.c.objc; path = MailmanWebsite.m; sourceTree = "<group>"; };
		2C3B46A310F031DB00F20CC2 /* RegexKitLite.h */ = {isa = PBXFileReference; fileEncoding = 4; lastKnownFileType = sourcecode.c.h; path = RegexKitLite.h; sourceTree = "<group>"; };
		2C3B46A410F031DB00F20CC2 /* RegexKitLite.m */ = {isa = PBXFileReference; fileEncoding = 4; lastKnownFileType = sourcecode.c.objc; path = RegexKitLite.m; sourceTree = "<group>"; };
		2C3B46AE10F0325000F20CC2 /* libicucore.dylib */ = {isa = PBXFileReference; lastKnownFileType = "compiled.mach-o.dylib"; name = libicucore.dylib; path = usr/lib/libicucore.dylib; sourceTree = SDKROOT; };
		2C3B471110F0411200F20CC2 /* XPathQuery.m */ = {isa = PBXFileReference; fileEncoding = 4; lastKnownFileType = sourcecode.c.objc; path = XPathQuery.m; sourceTree = "<group>"; };
		2C3B471210F0411200F20CC2 /* XPathQuery.h */ = {isa = PBXFileReference; fileEncoding = 4; lastKnownFileType = sourcecode.c.h; path = XPathQuery.h; sourceTree = "<group>"; };
		2C3B471310F0411200F20CC2 /* TFHpple.h */ = {isa = PBXFileReference; fileEncoding = 4; lastKnownFileType = sourcecode.c.h; path = TFHpple.h; sourceTree = "<group>"; };
		2C3B471410F0411200F20CC2 /* TFHpple.m */ = {isa = PBXFileReference; fileEncoding = 4; lastKnownFileType = sourcecode.c.objc; path = TFHpple.m; sourceTree = "<group>"; };
		2C3B471510F0411200F20CC2 /* TFHppleElement.h */ = {isa = PBXFileReference; fileEncoding = 4; lastKnownFileType = sourcecode.c.h; path = TFHppleElement.h; sourceTree = "<group>"; };
		2C3B471610F0411200F20CC2 /* TFHppleElement.m */ = {isa = PBXFileReference; fileEncoding = 4; lastKnownFileType = sourcecode.c.objc; path = TFHppleElement.m; sourceTree = "<group>"; };
		2C3B477810F04CC900F20CC2 /* MailmanMessage.h */ = {isa = PBXFileReference; fileEncoding = 4; lastKnownFileType = sourcecode.c.h; path = MailmanMessage.h; sourceTree = "<group>"; };
		2C3B477910F04CC900F20CC2 /* MailmanMessage.m */ = {isa = PBXFileReference; fileEncoding = 4; lastKnownFileType = sourcecode.c.objc; path = MailmanMessage.m; sourceTree = "<group>"; };
		2C3B48FD10F1249300F20CC2 /* MailmanModerateTable.h */ = {isa = PBXFileReference; fileEncoding = 4; lastKnownFileType = sourcecode.c.h; path = MailmanModerateTable.h; sourceTree = "<group>"; };
		2C3B48FE10F1249300F20CC2 /* MailmanModerateTable.m */ = {isa = PBXFileReference; fileEncoding = 4; lastKnownFileType = sourcecode.c.objc; path = MailmanModerateTable.m; sourceTree = "<group>"; };
		2C3B48FF10F1249300F20CC2 /* MailmanModerateTable.xib */ = {isa = PBXFileReference; lastKnownFileType = file.xib; name = MailmanModerateTable.xib; path = Classes/MailmanModerateTable.xib; sourceTree = "<group>"; };
		2C3B4A2D10F1556D00F20CC2 /* check2.jpg */ = {isa = PBXFileReference; lastKnownFileType = image.jpeg; path = check2.jpg; sourceTree = "<group>"; };
		2C3B4A2F10F1557400F20CC2 /* check1.jpg */ = {isa = PBXFileReference; lastKnownFileType = image.jpeg; path = check1.jpg; sourceTree = "<group>"; };
		2CB2995710F79414006192AB /* mark-green.png */ = {isa = PBXFileReference; lastKnownFileType = image.png; path = "mark-green.png"; sourceTree = "<group>"; };
		2CB2995810F79414006192AB /* mark-red.png */ = {isa = PBXFileReference; lastKnownFileType = image.png; path = "mark-red.png"; sourceTree = "<group>"; };
		2CB43FE5125210B10048A9DD /* kik-elamys.html */ = {isa = PBXFileReference; fileEncoding = 4; lastKnownFileType = text.html; path = "kik-elamys.html"; sourceTree = "<group>"; };
		2CE1B94C10F35DD400F269CA /* mark-off.png */ = {isa = PBXFileReference; lastKnownFileType = image.png; path = "mark-off.png"; sourceTree = "<group>"; };
		2CE1B94D10F35DD400F269CA /* mark-on.png */ = {isa = PBXFileReference; lastKnownFileType = image.png; path = "mark-on.png"; sourceTree = "<group>"; };
		2CE7F3B610FBB6BA00B9335E /* MailmanModeratorLogo.png */ = {isa = PBXFileReference; lastKnownFileType = image.png; path = MailmanModeratorLogo.png; sourceTree = "<group>"; };
		2CE7F3D610FBBDBE00B9335E /* MessageCell.xib */ = {isa = PBXFileReference; lastKnownFileType = file.xib; path = MessageCell.xib; sourceTree = "<group>"; };
		8D1107310486CEB800E47090 /* Mailman-Info.plist */ = {isa = PBXFileReference; fileEncoding = 4; lastKnownFileType = text.plist.xml; path = "Mailman-Info.plist"; plistStructureDefinitionIdentifier = "com.apple.xcode.plist.structure-definition.iphone.info-plist"; sourceTree = "<group>"; };
/* End PBXFileReference section */

/* Begin PBXFrameworksBuildPhase section */
		1D60588F0D05DD3D006BFB54 /* Frameworks */ = {
			isa = PBXFrameworksBuildPhase;
			buildActionMask = 2147483647;
			files = (
				1D60589F0D05DD5A006BFB54 /* Foundation.framework in Frameworks */,
				1DF5F4E00D08C38300B7A737 /* UIKit.framework in Frameworks */,
				2892E4100DC94CBA00A64D0F /* CoreGraphics.framework in Frameworks */,
				2C3B46AF10F0325000F20CC2 /* libicucore.dylib in Frameworks */,
				2C03BFCE125131EB0020DE99 /* libxml2.dylib in Frameworks */,
			);
			runOnlyForDeploymentPostprocessing = 0;
		};
/* End PBXFrameworksBuildPhase section */

/* Begin PBXGroup section */
		080E96DDFE201D6D7F000001 /* Classes */ = {
			isa = PBXGroup;
			children = (
				2C3B438B10EEA5FA00F20CC2 /* MaillistSettingsView.h */,
				2C3B438C10EEA5FA00F20CC2 /* MaillistSettingsView.m */,
				2C3B449D10EFDABE00F20CC2 /* MaillistSettings.h */,
				2C3B449E10EFDABE00F20CC2 /* MaillistSettings.m */,
				2C3B48FD10F1249300F20CC2 /* MailmanModerateTable.h */,
				2C3B48FE10F1249300F20CC2 /* MailmanModerateTable.m */,
				2C3B461710F00F6A00F20CC2 /* MailmanWebsite.h */,
				2C3B461810F00F6A00F20CC2 /* MailmanWebsite.m */,
				2C3B477810F04CC900F20CC2 /* MailmanMessage.h */,
				2C3B477910F04CC900F20CC2 /* MailmanMessage.m */,
				28C286DF0D94DF7D0034E888 /* RootViewController.h */,
				28C286E00D94DF7D0034E888 /* RootViewController.m */,
				1D3623240D0F684500981E51 /* MailmanAppDelegate.h */,
				1D3623250D0F684500981E51 /* MailmanAppDelegate.m */,
				2C3B46A310F031DB00F20CC2 /* RegexKitLite.h */,
				2C3B46A410F031DB00F20CC2 /* RegexKitLite.m */,
			);
			path = Classes;
			sourceTree = "<group>";
		};
		19C28FACFE9D520D11CA2CBB /* Products */ = {
			isa = PBXGroup;
			children = (
				1D6058910D05DD3D006BFB54 /* Mailman.app */,
			);
			name = Products;
			sourceTree = "<group>";
		};
		29B97314FDCFA39411CA2CEA /* CustomTemplate */ = {
			isa = PBXGroup;
			children = (
				080E96DDFE201D6D7F000001 /* Classes */,
				29B97315FDCFA39411CA2CEA /* Other Sources */,
				29B97317FDCFA39411CA2CEA /* Resources */,
				29B97323FDCFA39411CA2CEA /* Frameworks */,
				19C28FACFE9D520D11CA2CBB /* Products */,
			);
			name = CustomTemplate;
			sourceTree = "<group>";
		};
		29B97315FDCFA39411CA2CEA /* Other Sources */ = {
			isa = PBXGroup;
			children = (
				2C3B470F10F0411200F20CC2 /* Hpple */,
				28A0AAE50D9B0CCF005BE974 /* Mailman_Prefix.pch */,
				29B97316FDCFA39411CA2CEA /* main.m */,
			);
			name = "Other Sources";
			sourceTree = "<group>";
		};
		29B97317FDCFA39411CA2CEA /* Resources */ = {
			isa = PBXGroup;
			children = (
				2CB43FE5125210B10048A9DD /* kik-elamys.html */,
				2C03C06812513E590020DE99 /* kik-elamys-2.html */,
				2C03BFF0125136830020DE99 /* mailman-moderator.html */,
				2C3B4A2D10F1556D00F20CC2 /* check2.jpg */,
				2C3B4A2F10F1557400F20CC2 /* check1.jpg */,
				2CE1B94C10F35DD400F269CA /* mark-off.png */,
				2CE1B94D10F35DD400F269CA /* mark-on.png */,
				2CB2995710F79414006192AB /* mark-green.png */,
				2CB2995810F79414006192AB /* mark-red.png */,
				2CE7F3B610FBB6BA00B9335E /* MailmanModeratorLogo.png */,
				28F335F01007B36200424DE2 /* RootViewController.xib */,
				2CE7F3D610FBBDBE00B9335E /* MessageCell.xib */,
				2C3B48FF10F1249300F20CC2 /* MailmanModerateTable.xib */,
				2C3B438D10EEA5FA00F20CC2 /* MaillistSettingsView.xib */,
				28AD735F0D9D9599002E5188 /* MainWindow.xib */,
				8D1107310486CEB800E47090 /* Mailman-Info.plist */,
			);
			name = Resources;
			sourceTree = "<group>";
		};
		29B97323FDCFA39411CA2CEA /* Frameworks */ = {
			isa = PBXGroup;
			children = (
				1DF5F4DF0D08C38300B7A737 /* UIKit.framework */,
				1D30AB110D05D00D00671497 /* Foundation.framework */,
				2892E40F0DC94CBA00A64D0F /* CoreGraphics.framework */,
				2C3B46AE10F0325000F20CC2 /* libicucore.dylib */,
				2C03BFCD125131EB0020DE99 /* libxml2.dylib */,
			);
			name = Frameworks;
			sourceTree = "<group>";
		};
		2C3B470F10F0411200F20CC2 /* Hpple */ = {
			isa = PBXGroup;
			children = (
				2C3B471310F0411200F20CC2 /* TFHpple.h */,
				2C3B471410F0411200F20CC2 /* TFHpple.m */,
				2C3B471510F0411200F20CC2 /* TFHppleElement.h */,
				2C3B471610F0411200F20CC2 /* TFHppleElement.m */,
				2C3B471010F0411200F20CC2 /* XPath */,
			);
			name = Hpple;
			sourceTree = "<group>";
		};
		2C3B471010F0411200F20CC2 /* XPath */ = {
			isa = PBXGroup;
			children = (
				2C3B471110F0411200F20CC2 /* XPathQuery.m */,
				2C3B471210F0411200F20CC2 /* XPathQuery.h */,
			);
			name = XPath;
			sourceTree = "<group>";
		};
/* End PBXGroup section */

/* Begin PBXNativeTarget section */
		1D6058900D05DD3D006BFB54 /* Mailman */ = {
			isa = PBXNativeTarget;
			buildConfigurationList = 1D6058960D05DD3E006BFB54 /* Build configuration list for PBXNativeTarget "Mailman" */;
			buildPhases = (
				1D60588D0D05DD3D006BFB54 /* Resources */,
				1D60588E0D05DD3D006BFB54 /* Sources */,
				1D60588F0D05DD3D006BFB54 /* Frameworks */,
			);
			buildRules = (
			);
			dependencies = (
			);
			name = Mailman;
			productName = Mailman;
			productReference = 1D6058910D05DD3D006BFB54 /* Mailman.app */;
			productType = "com.apple.product-type.application";
		};
/* End PBXNativeTarget section */

/* Begin PBXProject section */
		29B97313FDCFA39411CA2CEA /* Project object */ = {
			isa = PBXProject;
			attributes = {
				ORGANIZATIONNAME = Jan.Misker.nl;
			};
			buildConfigurationList = C01FCF4E08A954540054247B /* Build configuration list for PBXProject "Mailman" */;
			compatibilityVersion = "Xcode 3.1";
			developmentRegion = English;
			hasScannedForEncodings = 1;
			knownRegions = (
				English,
				Japanese,
				French,
				German,
				en,
			);
			mainGroup = 29B97314FDCFA39411CA2CEA /* CustomTemplate */;
			projectDirPath = "";
			projectRoot = "";
			targets = (
				1D6058900D05DD3D006BFB54 /* Mailman */,
			);
		};
/* End PBXProject section */

/* Begin PBXResourcesBuildPhase section */
		1D60588D0D05DD3D006BFB54 /* Resources */ = {
			isa = PBXResourcesBuildPhase;
			buildActionMask = 2147483647;
			files = (
				28AD73600D9D9599002E5188 /* MainWindow.xib in Resources */,
				28F335F11007B36200424DE2 /* RootViewController.xib in Resources */,
				2C3B438F10EEA5FA00F20CC2 /* MaillistSettingsView.xib in Resources */,
				2C3B490110F1249300F20CC2 /* MailmanModerateTable.xib in Resources */,
				2C3B4A2E10F1556D00F20CC2 /* check2.jpg in Resources */,
				2C3B4A3010F1557400F20CC2 /* check1.jpg in Resources */,
				2CE1B94E10F35DD400F269CA /* mark-off.png in Resources */,
				2CE1B94F10F35DD400F269CA /* mark-on.png in Resources */,
				2CB2995910F79414006192AB /* mark-green.png in Resources */,
				2CB2995A10F79414006192AB /* mark-red.png in Resources */,
				2CE7F3B710FBB6BA00B9335E /* MailmanModeratorLogo.png in Resources */,
				2CE7F3D710FBBDBE00B9335E /* MessageCell.xib in Resources */,
				2C03BFF1125136830020DE99 /* mailman-moderator.html in Resources */,
				2C03C06912513E590020DE99 /* kik-elamys-2.html in Resources */,
				2CB43FE6125210B10048A9DD /* kik-elamys.html in Resources */,
			);
			runOnlyForDeploymentPostprocessing = 0;
		};
/* End PBXResourcesBuildPhase section */

/* Begin PBXSourcesBuildPhase section */
		1D60588E0D05DD3D006BFB54 /* Sources */ = {
			isa = PBXSourcesBuildPhase;
			buildActionMask = 2147483647;
			files = (
				1D60589B0D05DD56006BFB54 /* main.m in Sources */,
				1D3623260D0F684500981E51 /* MailmanAppDelegate.m in Sources */,
				28C286E10D94DF7D0034E888 /* RootViewController.m in Sources */,
				2C3B438E10EEA5FA00F20CC2 /* MaillistSettingsView.m in Sources */,
				2C3B449F10EFDABE00F20CC2 /* MaillistSettings.m in Sources */,
				2C3B461910F00F6A00F20CC2 /* MailmanWebsite.m in Sources */,
				2C3B46A510F031DB00F20CC2 /* RegexKitLite.m in Sources */,
				2C3B471710F0411200F20CC2 /* XPathQuery.m in Sources */,
				2C3B471810F0411200F20CC2 /* TFHpple.m in Sources */,
				2C3B471910F0411200F20CC2 /* TFHppleElement.m in Sources */,
				2C3B477A10F04CC900F20CC2 /* MailmanMessage.m in Sources */,
				2C3B490010F1249300F20CC2 /* MailmanModerateTable.m in Sources */,
			);
			runOnlyForDeploymentPostprocessing = 0;
		};
/* End PBXSourcesBuildPhase section */

/* Begin XCBuildConfiguration section */
		1D6058940D05DD3E006BFB54 /* Debug */ = {
			isa = XCBuildConfiguration;
			buildSettings = {
				ALWAYS_SEARCH_USER_PATHS = NO;
				"CODE_SIGN_IDENTITY[sdk=iphoneos*]" = "iPhone Developer";
				COPY_PHASE_STRIP = NO;
				GCC_DYNAMIC_NO_PIC = NO;
				GCC_OPTIMIZATION_LEVEL = 0;
				GCC_PRECOMPILE_PREFIX_HEADER = YES;
				GCC_PREFIX_HEADER = Mailman_Prefix.pch;
				HEADER_SEARCH_PATHS = "/usr/include/libxml2/**";
				INFOPLIST_FILE = "Mailman-Info.plist";
				PRODUCT_NAME = Mailman;
				"PROVISIONING_PROFILE[sdk=iphoneos*]" = "";
			};
			name = Debug;
		};
		1D6058950D05DD3E006BFB54 /* Release */ = {
			isa = XCBuildConfiguration;
			buildSettings = {
				ALWAYS_SEARCH_USER_PATHS = NO;
				"CODE_SIGN_IDENTITY[sdk=iphoneos*]" = "iPhone Distribution";
				COPY_PHASE_STRIP = YES;
				GCC_PRECOMPILE_PREFIX_HEADER = YES;
				GCC_PREFIX_HEADER = Mailman_Prefix.pch;
				HEADER_SEARCH_PATHS = "/usr/include/libxml2/**";
				INFOPLIST_FILE = "Mailman-Info.plist";
				PRODUCT_NAME = Mailman;
				"PROVISIONING_PROFILE[sdk=iphoneos*]" = "";
			};
			name = Release;
		};
		C01FCF4F08A954540054247B /* Debug */ = {
			isa = XCBuildConfiguration;
			buildSettings = {
				ARCHS = "$(ARCHS_STANDARD_32_BIT)";
				"CODE_SIGN_IDENTITY[sdk=iphoneos*]" = "iPhone Developer";
				GCC_C_LANGUAGE_STANDARD = c99;
				GCC_WARN_ABOUT_RETURN_TYPE = YES;
				GCC_WARN_UNUSED_VARIABLE = YES;
				IPHONEOS_DEPLOYMENT_TARGET = 3.0;
				PREBINDING = NO;
				SDKROOT = iphoneos4.1;
			};
			name = Debug;
		};
		C01FCF5008A954540054247B /* Release */ = {
			isa = XCBuildConfiguration;
			buildSettings = {
				ARCHS = "$(ARCHS_STANDARD_32_BIT)";
				"CODE_SIGN_IDENTITY[sdk=iphoneos*]" = "iPhone Developer";
				GCC_C_LANGUAGE_STANDARD = c99;
				GCC_WARN_ABOUT_RETURN_TYPE = YES;
				GCC_WARN_UNUSED_VARIABLE = YES;
				IPHONEOS_DEPLOYMENT_TARGET = 3.0;
				PREBINDING = NO;
				SDKROOT = iphoneos4.1;
			};
			name = Release;
		};
/* End XCBuildConfiguration section */

/* Begin XCConfigurationList section */
		1D6058960D05DD3E006BFB54 /* Build configuration list for PBXNativeTarget "Mailman" */ = {
			isa = XCConfigurationList;
			buildConfigurations = (
				1D6058940D05DD3E006BFB54 /* Debug */,
				1D6058950D05DD3E006BFB54 /* Release */,
			);
			defaultConfigurationIsVisible = 0;
			defaultConfigurationName = Release;
		};
		C01FCF4E08A954540054247B /* Build configuration list for PBXProject "Mailman" */ = {
			isa = XCConfigurationList;
			buildConfigurations = (
				C01FCF4F08A954540054247B /* Debug */,
				C01FCF5008A954540054247B /* Release */,
			);
			defaultConfigurationIsVisible = 0;
			defaultConfigurationName = Release;
		};
/* End XCConfigurationList section */
	};
	rootObject = 29B97313FDCFA39411CA2CEA /* Project object */;
}
